// !$*UTF8*$!
{
	archiveVersion = 1;
	classes = {
	};
	objectVersion = 48;
	objects = {

/* Begin PBXBuildFile section */
		BEA1C2B52024610B004FD267 /* AppDelegate.m in Sources */ = {isa = PBXBuildFile; fileRef = BEA1C2B42024610B004FD267 /* AppDelegate.m */; };
		BEA1C2BB2024610B004FD267 /* Main.storyboard in Resources */ = {isa = PBXBuildFile; fileRef = BEA1C2B92024610B004FD267 /* Main.storyboard */; };
		BEA1C2BD2024610B004FD267 /* Assets.xcassets in Resources */ = {isa = PBXBuildFile; fileRef = BEA1C2BC2024610B004FD267 /* Assets.xcassets */; };
		BEA1C2C02024610B004FD267 /* LaunchScreen.storyboard in Resources */ = {isa = PBXBuildFile; fileRef = BEA1C2BE2024610B004FD267 /* LaunchScreen.storyboard */; };
		BEA1C2C32024610B004FD267 /* main.m in Sources */ = {isa = PBXBuildFile; fileRef = BEA1C2C22024610B004FD267 /* main.m */; };
		BEA1C2CD2024610B004FD267 /* AirdiaWalletTests.m in Sources */ = {isa = PBXBuildFile; fileRef = BEA1C2CC2024610B004FD267 /* AirdiaWalletTests.m */; };
		BEA1C2D82024610B004FD267 /* AirdiaWalletUITests.m in Sources */ = {isa = PBXBuildFile; fileRef = BEA1C2D72024610B004FD267 /* AirdiaWalletUITests.m */; };
		BEA1C3FB202464AE004FD267 /* ZAAMainViewController.m in Sources */ = {isa = PBXBuildFile; fileRef = BEA1C3FA202464AE004FD267 /* ZAAMainViewController.m */; };
		BEA1C3FE202464C7004FD267 /* AppDelegate+UI.m in Sources */ = {isa = PBXBuildFile; fileRef = BEA1C3FD202464C7004FD267 /* AppDelegate+UI.m */; };
		BEA1C40C202465B5004FD267 /* ZAANavigationController.m in Sources */ = {isa = PBXBuildFile; fileRef = BEA1C40B202465B5004FD267 /* ZAANavigationController.m */; };
		BEA1C49E20247C50004FD267 /* AFNetworking.framework in Frameworks */ = {isa = PBXBuildFile; fileRef = BEA1C41820246819004FD267 /* AFNetworking.framework */; };
		BEA1C49F20247C50004FD267 /* FMDB.framework in Frameworks */ = {isa = PBXBuildFile; fileRef = BEA1C41920246819004FD267 /* FMDB.framework */; };
		BEA1C4A120247C50004FD267 /* JHKit.framework in Frameworks */ = {isa = PBXBuildFile; fileRef = BEA1C3F620246468004FD267 /* JHKit.framework */; };
		BEA1C4A220247C50004FD267 /* JSONModel.framework in Frameworks */ = {isa = PBXBuildFile; fileRef = BEA1C41B20246819004FD267 /* JSONModel.framework */; };
		BEA1C4A320247C50004FD267 /* MBProgressHUD.framework in Frameworks */ = {isa = PBXBuildFile; fileRef = BEA1C41C20246819004FD267 /* MBProgressHUD.framework */; };
		BEA1C4A820247C95004FD267 /* JSONModel.framework in Embed Frameworks */ = {isa = PBXBuildFile; fileRef = BEA1C41B20246819004FD267 /* JSONModel.framework */; settings = {ATTRIBUTES = (CodeSignOnCopy, RemoveHeadersOnCopy, ); }; };
		BEA1C4AA20247C95004FD267 /* AFNetworking.framework in Embed Frameworks */ = {isa = PBXBuildFile; fileRef = BEA1C41820246819004FD267 /* AFNetworking.framework */; settings = {ATTRIBUTES = (CodeSignOnCopy, RemoveHeadersOnCopy, ); }; };
		BEA1C4AC20247C95004FD267 /* FMDB.framework in Embed Frameworks */ = {isa = PBXBuildFile; fileRef = BEA1C41920246819004FD267 /* FMDB.framework */; settings = {ATTRIBUTES = (CodeSignOnCopy, RemoveHeadersOnCopy, ); }; };
		BEA1C4AD20247C96004FD267 /* IQKeyboardManager.framework in Frameworks */ = {isa = PBXBuildFile; fileRef = BEA1C41A20246819004FD267 /* IQKeyboardManager.framework */; };
		BEA1C4AE20247C96004FD267 /* IQKeyboardManager.framework in Embed Frameworks */ = {isa = PBXBuildFile; fileRef = BEA1C41A20246819004FD267 /* IQKeyboardManager.framework */; settings = {ATTRIBUTES = (CodeSignOnCopy, RemoveHeadersOnCopy, ); }; };
		BEA1C4B020247C96004FD267 /* MBProgressHUD.framework in Embed Frameworks */ = {isa = PBXBuildFile; fileRef = BEA1C41C20246819004FD267 /* MBProgressHUD.framework */; settings = {ATTRIBUTES = (CodeSignOnCopy, RemoveHeadersOnCopy, ); }; };
		BEA1C4B120247C96004FD267 /* SDWebImage.framework in Frameworks */ = {isa = PBXBuildFile; fileRef = BEA1C41D20246819004FD267 /* SDWebImage.framework */; };
		BEA1C4B220247C96004FD267 /* SDWebImage.framework in Embed Frameworks */ = {isa = PBXBuildFile; fileRef = BEA1C41D20246819004FD267 /* SDWebImage.framework */; settings = {ATTRIBUTES = (CodeSignOnCopy, RemoveHeadersOnCopy, ); }; };
		BEA1C4B420247C96004FD267 /* JHKit.framework in Embed Frameworks */ = {isa = PBXBuildFile; fileRef = BEA1C3F620246468004FD267 /* JHKit.framework */; settings = {ATTRIBUTES = (CodeSignOnCopy, RemoveHeadersOnCopy, ); }; };
		BEA1C4CF20248831004FD267 /* ZAABaseViewController.m in Sources */ = {isa = PBXBuildFile; fileRef = BEA1C4CE20248831004FD267 /* ZAABaseViewController.m */; };
		BEA1C4D22024884B004FD267 /* ZAAOpenMainViewController.m in Sources */ = {isa = PBXBuildFile; fileRef = BEA1C4D12024884B004FD267 /* ZAAOpenMainViewController.m */; };
		BEE93B9E202806DE00B0C85B /* Masonry.framework in Frameworks */ = {isa = PBXBuildFile; fileRef = BEE93B9F202806DE00B0C85B /* Masonry.framework */; };
		BEE93BA0202806FA00B0C85B /* Masonry.framework in Frameworks */ = {isa = PBXBuildFile; fileRef = BEE93B9F202806DE00B0C85B /* Masonry.framework */; };
		BEE93BA1202806FA00B0C85B /* Masonry.framework in Embed Frameworks */ = {isa = PBXBuildFile; fileRef = BEE93B9F202806DE00B0C85B /* Masonry.framework */; settings = {ATTRIBUTES = (CodeSignOnCopy, RemoveHeadersOnCopy, ); }; };
		BEE93BCC202812F600B0C85B /* ZAACreateWalletViewController.m in Sources */ = {isa = PBXBuildFile; fileRef = BEE93BCB202812F600B0C85B /* ZAACreateWalletViewController.m */; };
		BEE93BCF2028130E00B0C85B /* ZAALoginViewController.m in Sources */ = {isa = PBXBuildFile; fileRef = BEE93BCE2028130E00B0C85B /* ZAALoginViewController.m */; };
		BEE93BD02028130E00B0C85B /* ZAALoginViewController.m in Sources */ = {isa = PBXBuildFile; fileRef = BEE93BCE2028130E00B0C85B /* ZAALoginViewController.m */; };
		BEE93BD12028130E00B0C85B /* ZAALoginViewController.m in Sources */ = {isa = PBXBuildFile; fileRef = BEE93BCE2028130E00B0C85B /* ZAALoginViewController.m */; };
		BEE93BD92028136000B0C85B /* ZAAImportWalletViewController.m in Sources */ = {isa = PBXBuildFile; fileRef = BEE93BD82028136000B0C85B /* ZAAImportWalletViewController.m */; };
		BEE93BDA2028136000B0C85B /* ZAAImportWalletViewController.m in Sources */ = {isa = PBXBuildFile; fileRef = BEE93BD82028136000B0C85B /* ZAAImportWalletViewController.m */; };
		BEE93BDB2028136000B0C85B /* ZAAImportWalletViewController.m in Sources */ = {isa = PBXBuildFile; fileRef = BEE93BD82028136000B0C85B /* ZAAImportWalletViewController.m */; };
		BEE93BDC202839CC00B0C85B /* ZAACreateWalletViewController.m in Sources */ = {isa = PBXBuildFile; fileRef = BEE93BCB202812F600B0C85B /* ZAACreateWalletViewController.m */; };
		BEE93BDD202839CD00B0C85B /* ZAACreateWalletViewController.m in Sources */ = {isa = PBXBuildFile; fileRef = BEE93BCB202812F600B0C85B /* ZAACreateWalletViewController.m */; };
		BEE93BDE202839D200B0C85B /* ZAAOpenMainViewController.m in Sources */ = {isa = PBXBuildFile; fileRef = BEA1C4D12024884B004FD267 /* ZAAOpenMainViewController.m */; };
		BEE93BDF202839D200B0C85B /* ZAAOpenMainViewController.m in Sources */ = {isa = PBXBuildFile; fileRef = BEA1C4D12024884B004FD267 /* ZAAOpenMainViewController.m */; };
		BEE93BE0202839D600B0C85B /* ZAANavigationController.m in Sources */ = {isa = PBXBuildFile; fileRef = BEA1C40B202465B5004FD267 /* ZAANavigationController.m */; };
		BEE93BE1202839D700B0C85B /* ZAANavigationController.m in Sources */ = {isa = PBXBuildFile; fileRef = BEA1C40B202465B5004FD267 /* ZAANavigationController.m */; };
		BEE93BE2202839DA00B0C85B /* ZAABaseViewController.m in Sources */ = {isa = PBXBuildFile; fileRef = BEA1C4CE20248831004FD267 /* ZAABaseViewController.m */; };
		BEE93BE3202839DA00B0C85B /* ZAABaseViewController.m in Sources */ = {isa = PBXBuildFile; fileRef = BEA1C4CE20248831004FD267 /* ZAABaseViewController.m */; };
		BEE93BEC20283AC300B0C85B /* ZAAView.m in Sources */ = {isa = PBXBuildFile; fileRef = BEE93BEB20283AC300B0C85B /* ZAAView.m */; };
		BEE93BED20283AC300B0C85B /* ZAAView.m in Sources */ = {isa = PBXBuildFile; fileRef = BEE93BEB20283AC300B0C85B /* ZAAView.m */; };
		BEE93BEE20283AC300B0C85B /* ZAAView.m in Sources */ = {isa = PBXBuildFile; fileRef = BEE93BEB20283AC300B0C85B /* ZAAView.m */; };
		BEE93BF120283B0E00B0C85B /* ZAAPasswordInputView.m in Sources */ = {isa = PBXBuildFile; fileRef = BEE93BF020283B0E00B0C85B /* ZAAPasswordInputView.m */; };
		BEE93BF220283B0E00B0C85B /* ZAAPasswordInputView.m in Sources */ = {isa = PBXBuildFile; fileRef = BEE93BF020283B0E00B0C85B /* ZAAPasswordInputView.m */; };
		BEE93BF320283B0E00B0C85B /* ZAAPasswordInputView.m in Sources */ = {isa = PBXBuildFile; fileRef = BEE93BF020283B0E00B0C85B /* ZAAPasswordInputView.m */; };
		BEE93BF62029640300B0C85B /* ZAALoginTypeSettingViewController.m in Sources */ = {isa = PBXBuildFile; fileRef = BEE93BF52029640300B0C85B /* ZAALoginTypeSettingViewController.m */; };
		BEE93C022029656B00B0C85B /* ZZAApplication.m in Sources */ = {isa = PBXBuildFile; fileRef = BEE93C012029656B00B0C85B /* ZZAApplication.m */; };
		BEE93C0E20298DB000B0C85B /* ZAAPrivateKeySaveViewController.m in Sources */ = {isa = PBXBuildFile; fileRef = BEE93C0D20298DB000B0C85B /* ZAAPrivateKeySaveViewController.m */; };
		BEE93C0F20298DB000B0C85B /* ZAAPrivateKeySaveViewController.m in Sources */ = {isa = PBXBuildFile; fileRef = BEE93C0D20298DB000B0C85B /* ZAAPrivateKeySaveViewController.m */; };
		BEE93C1020298DB000B0C85B /* ZAAPrivateKeySaveViewController.m in Sources */ = {isa = PBXBuildFile; fileRef = BEE93C0D20298DB000B0C85B /* ZAAPrivateKeySaveViewController.m */; };
/* End PBXBuildFile section */

/* Begin PBXContainerItemProxy section */
		BEA1C2C92024610B004FD267 /* PBXContainerItemProxy */ = {
			isa = PBXContainerItemProxy;
			containerPortal = BEA1C2A82024610B004FD267 /* Project object */;
			proxyType = 1;
			remoteGlobalIDString = BEA1C2AF2024610B004FD267;
			remoteInfo = AirdiaWallet;
		};
		BEA1C2D42024610B004FD267 /* PBXContainerItemProxy */ = {
			isa = PBXContainerItemProxy;
			containerPortal = BEA1C2A82024610B004FD267 /* Project object */;
			proxyType = 1;
			remoteGlobalIDString = BEA1C2AF2024610B004FD267;
			remoteInfo = AirdiaWallet;
		};
		BEA1C3F520246468004FD267 /* PBXContainerItemProxy */ = {
			isa = PBXContainerItemProxy;
			containerPortal = BEA1C3EA20246468004FD267 /* JHKit.xcodeproj */;
			proxyType = 2;
			remoteGlobalIDString = BE62D5CA1DF8DAFD004510A5;
			remoteInfo = JHKit;
		};
		BEA1C3F720246468004FD267 /* PBXContainerItemProxy */ = {
			isa = PBXContainerItemProxy;
			containerPortal = BEA1C3EA20246468004FD267 /* JHKit.xcodeproj */;
			proxyType = 2;
			remoteGlobalIDString = BE62D5D31DF8DAFD004510A5;
			remoteInfo = JHKitTests;
		};
		BEA1C4A520247C5B004FD267 /* PBXContainerItemProxy */ = {
			isa = PBXContainerItemProxy;
			containerPortal = BEA1C3EA20246468004FD267 /* JHKit.xcodeproj */;
			proxyType = 1;
			remoteGlobalIDString = BE62D5C91DF8DAFD004510A5;
			remoteInfo = JHKit;
		};
		BEA1C4B520247C96004FD267 /* PBXContainerItemProxy */ = {
			isa = PBXContainerItemProxy;
			containerPortal = BEA1C3EA20246468004FD267 /* JHKit.xcodeproj */;
			proxyType = 1;
			remoteGlobalIDString = BE62D5C91DF8DAFD004510A5;
			remoteInfo = JHKit;
		};
/* End PBXContainerItemProxy section */

/* Begin PBXCopyFilesBuildPhase section */
		BEA1C4B720247C96004FD267 /* Embed Frameworks */ = {
			isa = PBXCopyFilesBuildPhase;
			buildActionMask = 2147483647;
			dstPath = "";
			dstSubfolderSpec = 10;
			files = (
				BEA1C4A820247C95004FD267 /* JSONModel.framework in Embed Frameworks */,
				BEA1C4AE20247C96004FD267 /* IQKeyboardManager.framework in Embed Frameworks */,
				BEA1C4AC20247C95004FD267 /* FMDB.framework in Embed Frameworks */,
				BEA1C4B020247C96004FD267 /* MBProgressHUD.framework in Embed Frameworks */,
				BEA1C4B220247C96004FD267 /* SDWebImage.framework in Embed Frameworks */,
				BEA1C4AA20247C95004FD267 /* AFNetworking.framework in Embed Frameworks */,
				BEE93BA1202806FA00B0C85B /* Masonry.framework in Embed Frameworks */,
				BEA1C4B420247C96004FD267 /* JHKit.framework in Embed Frameworks */,
			);
			name = "Embed Frameworks";
			runOnlyForDeploymentPostprocessing = 0;
		};
/* End PBXCopyFilesBuildPhase section */

/* Begin PBXFileReference section */
		BEA1C2B02024610B004FD267 /* AirdiaWallet.app */ = {isa = PBXFileReference; explicitFileType = wrapper.application; includeInIndex = 0; path = AirdiaWallet.app; sourceTree = BUILT_PRODUCTS_DIR; };
		BEA1C2B32024610B004FD267 /* AppDelegate.h */ = {isa = PBXFileReference; lastKnownFileType = sourcecode.c.h; path = AppDelegate.h; sourceTree = "<group>"; };
		BEA1C2B42024610B004FD267 /* AppDelegate.m */ = {isa = PBXFileReference; lastKnownFileType = sourcecode.c.objc; path = AppDelegate.m; sourceTree = "<group>"; };
		BEA1C2BA2024610B004FD267 /* Base */ = {isa = PBXFileReference; lastKnownFileType = file.storyboard; name = Base; path = Base.lproj/Main.storyboard; sourceTree = "<group>"; };
		BEA1C2BC2024610B004FD267 /* Assets.xcassets */ = {isa = PBXFileReference; lastKnownFileType = folder.assetcatalog; path = Assets.xcassets; sourceTree = "<group>"; };
		BEA1C2BF2024610B004FD267 /* Base */ = {isa = PBXFileReference; lastKnownFileType = file.storyboard; name = Base; path = Base.lproj/LaunchScreen.storyboard; sourceTree = "<group>"; };
		BEA1C2C12024610B004FD267 /* Info.plist */ = {isa = PBXFileReference; lastKnownFileType = text.plist.xml; path = Info.plist; sourceTree = "<group>"; };
		BEA1C2C22024610B004FD267 /* main.m */ = {isa = PBXFileReference; lastKnownFileType = sourcecode.c.objc; path = main.m; sourceTree = "<group>"; };
		BEA1C2C82024610B004FD267 /* AirdiaWalletTests.xctest */ = {isa = PBXFileReference; explicitFileType = wrapper.cfbundle; includeInIndex = 0; path = AirdiaWalletTests.xctest; sourceTree = BUILT_PRODUCTS_DIR; };
		BEA1C2CC2024610B004FD267 /* AirdiaWalletTests.m */ = {isa = PBXFileReference; lastKnownFileType = sourcecode.c.objc; path = AirdiaWalletTests.m; sourceTree = "<group>"; };
		BEA1C2CE2024610B004FD267 /* Info.plist */ = {isa = PBXFileReference; lastKnownFileType = text.plist.xml; path = Info.plist; sourceTree = "<group>"; };
		BEA1C2D32024610B004FD267 /* AirdiaWalletUITests.xctest */ = {isa = PBXFileReference; explicitFileType = wrapper.cfbundle; includeInIndex = 0; path = AirdiaWalletUITests.xctest; sourceTree = BUILT_PRODUCTS_DIR; };
		BEA1C2D72024610B004FD267 /* AirdiaWalletUITests.m */ = {isa = PBXFileReference; lastKnownFileType = sourcecode.c.objc; path = AirdiaWalletUITests.m; sourceTree = "<group>"; };
		BEA1C2D92024610B004FD267 /* Info.plist */ = {isa = PBXFileReference; lastKnownFileType = text.plist.xml; path = Info.plist; sourceTree = "<group>"; };
		BEA1C3EA20246468004FD267 /* JHKit.xcodeproj */ = {isa = PBXFileReference; lastKnownFileType = "wrapper.pb-project"; name = JHKit.xcodeproj; path = JHKit/JHKit.xcodeproj; sourceTree = "<group>"; };
		BEA1C3F9202464AE004FD267 /* ZAAMainViewController.h */ = {isa = PBXFileReference; lastKnownFileType = sourcecode.c.h; path = ZAAMainViewController.h; sourceTree = "<group>"; };
		BEA1C3FA202464AE004FD267 /* ZAAMainViewController.m */ = {isa = PBXFileReference; lastKnownFileType = sourcecode.c.objc; path = ZAAMainViewController.m; sourceTree = "<group>"; };
		BEA1C3FC202464C7004FD267 /* AppDelegate+UI.h */ = {isa = PBXFileReference; lastKnownFileType = sourcecode.c.h; path = "AppDelegate+UI.h"; sourceTree = "<group>"; };
		BEA1C3FD202464C7004FD267 /* AppDelegate+UI.m */ = {isa = PBXFileReference; lastKnownFileType = sourcecode.c.objc; path = "AppDelegate+UI.m"; sourceTree = "<group>"; };
		BEA1C40A202465B5004FD267 /* ZAANavigationController.h */ = {isa = PBXFileReference; lastKnownFileType = sourcecode.c.h; path = ZAANavigationController.h; sourceTree = "<group>"; };
		BEA1C40B202465B5004FD267 /* ZAANavigationController.m */ = {isa = PBXFileReference; lastKnownFileType = sourcecode.c.objc; path = ZAANavigationController.m; sourceTree = "<group>"; };
		BEA1C40D20246684004FD267 /* AirdiaWallet-Prefix.pch */ = {isa = PBXFileReference; lastKnownFileType = sourcecode.c.h; path = "AirdiaWallet-Prefix.pch"; sourceTree = "<group>"; };
		BEA1C41820246819004FD267 /* AFNetworking.framework */ = {isa = PBXFileReference; explicitFileType = wrapper.framework; path = AFNetworking.framework; sourceTree = BUILT_PRODUCTS_DIR; };
		BEA1C41920246819004FD267 /* FMDB.framework */ = {isa = PBXFileReference; explicitFileType = wrapper.framework; path = FMDB.framework; sourceTree = BUILT_PRODUCTS_DIR; };
		BEA1C41A20246819004FD267 /* IQKeyboardManager.framework */ = {isa = PBXFileReference; explicitFileType = wrapper.framework; path = IQKeyboardManager.framework; sourceTree = BUILT_PRODUCTS_DIR; };
		BEA1C41B20246819004FD267 /* JSONModel.framework */ = {isa = PBXFileReference; explicitFileType = wrapper.framework; path = JSONModel.framework; sourceTree = BUILT_PRODUCTS_DIR; };
		BEA1C41C20246819004FD267 /* MBProgressHUD.framework */ = {isa = PBXFileReference; explicitFileType = wrapper.framework; path = MBProgressHUD.framework; sourceTree = BUILT_PRODUCTS_DIR; };
		BEA1C41D20246819004FD267 /* SDWebImage.framework */ = {isa = PBXFileReference; explicitFileType = wrapper.framework; path = SDWebImage.framework; sourceTree = BUILT_PRODUCTS_DIR; };
		BEA1C4CD20248831004FD267 /* ZAABaseViewController.h */ = {isa = PBXFileReference; lastKnownFileType = sourcecode.c.h; path = ZAABaseViewController.h; sourceTree = "<group>"; };
		BEA1C4CE20248831004FD267 /* ZAABaseViewController.m */ = {isa = PBXFileReference; lastKnownFileType = sourcecode.c.objc; path = ZAABaseViewController.m; sourceTree = "<group>"; };
		BEA1C4D02024884B004FD267 /* ZAAOpenMainViewController.h */ = {isa = PBXFileReference; lastKnownFileType = sourcecode.c.h; path = ZAAOpenMainViewController.h; sourceTree = "<group>"; };
		BEA1C4D12024884B004FD267 /* ZAAOpenMainViewController.m */ = {isa = PBXFileReference; lastKnownFileType = sourcecode.c.objc; path = ZAAOpenMainViewController.m; sourceTree = "<group>"; };
		BEE93B9F202806DE00B0C85B /* Masonry.framework */ = {isa = PBXFileReference; explicitFileType = wrapper.framework; path = Masonry.framework; sourceTree = BUILT_PRODUCTS_DIR; };
		BEE93BCA202812F600B0C85B /* ZAACreateWalletViewController.h */ = {isa = PBXFileReference; lastKnownFileType = sourcecode.c.h; path = ZAACreateWalletViewController.h; sourceTree = "<group>"; };
		BEE93BCB202812F600B0C85B /* ZAACreateWalletViewController.m */ = {isa = PBXFileReference; lastKnownFileType = sourcecode.c.objc; path = ZAACreateWalletViewController.m; sourceTree = "<group>"; };
		BEE93BCD2028130E00B0C85B /* ZAALoginViewController.h */ = {isa = PBXFileReference; lastKnownFileType = sourcecode.c.h; path = ZAALoginViewController.h; sourceTree = "<group>"; };
		BEE93BCE2028130E00B0C85B /* ZAALoginViewController.m */ = {isa = PBXFileReference; lastKnownFileType = sourcecode.c.objc; path = ZAALoginViewController.m; sourceTree = "<group>"; };
		BEE93BD72028136000B0C85B /* ZAAImportWalletViewController.h */ = {isa = PBXFileReference; lastKnownFileType = sourcecode.c.h; path = ZAAImportWalletViewController.h; sourceTree = "<group>"; };
		BEE93BD82028136000B0C85B /* ZAAImportWalletViewController.m */ = {isa = PBXFileReference; lastKnownFileType = sourcecode.c.objc; path = ZAAImportWalletViewController.m; sourceTree = "<group>"; };
		BEE93BEA20283AC300B0C85B /* ZAAView.h */ = {isa = PBXFileReference; lastKnownFileType = sourcecode.c.h; path = ZAAView.h; sourceTree = "<group>"; };
		BEE93BEB20283AC300B0C85B /* ZAAView.m */ = {isa = PBXFileReference; lastKnownFileType = sourcecode.c.objc; path = ZAAView.m; sourceTree = "<group>"; };
		BEE93BEF20283B0E00B0C85B /* ZAAPasswordInputView.h */ = {isa = PBXFileReference; lastKnownFileType = sourcecode.c.h; path = ZAAPasswordInputView.h; sourceTree = "<group>"; };
		BEE93BF020283B0E00B0C85B /* ZAAPasswordInputView.m */ = {isa = PBXFileReference; lastKnownFileType = sourcecode.c.objc; path = ZAAPasswordInputView.m; sourceTree = "<group>"; };
		BEE93BF42029640300B0C85B /* ZAALoginTypeSettingViewController.h */ = {isa = PBXFileReference; lastKnownFileType = sourcecode.c.h; path = ZAALoginTypeSettingViewController.h; sourceTree = "<group>"; };
		BEE93BF52029640300B0C85B /* ZAALoginTypeSettingViewController.m */ = {isa = PBXFileReference; lastKnownFileType = sourcecode.c.objc; path = ZAALoginTypeSettingViewController.m; sourceTree = "<group>"; };
		BEE93C002029656B00B0C85B /* ZZAApplication.h */ = {isa = PBXFileReference; lastKnownFileType = sourcecode.c.h; path = ZZAApplication.h; sourceTree = "<group>"; };
		BEE93C012029656B00B0C85B /* ZZAApplication.m */ = {isa = PBXFileReference; lastKnownFileType = sourcecode.c.objc; path = ZZAApplication.m; sourceTree = "<group>"; };
		BEE93C0C20298DB000B0C85B /* ZAAPrivateKeySaveViewController.h */ = {isa = PBXFileReference; lastKnownFileType = sourcecode.c.h; path = ZAAPrivateKeySaveViewController.h; sourceTree = "<group>"; };
		BEE93C0D20298DB000B0C85B /* ZAAPrivateKeySaveViewController.m */ = {isa = PBXFileReference; lastKnownFileType = sourcecode.c.objc; path = ZAAPrivateKeySaveViewController.m; sourceTree = "<group>"; };
/* End PBXFileReference section */

/* Begin PBXFrameworksBuildPhase section */
		BEA1C2AD2024610B004FD267 /* Frameworks */ = {
			isa = PBXFrameworksBuildPhase;
			buildActionMask = 2147483647;
			files = (
				BEE93B9E202806DE00B0C85B /* Masonry.framework in Frameworks */,
				BEA1C49E20247C50004FD267 /* AFNetworking.framework in Frameworks */,
				BEA1C49F20247C50004FD267 /* FMDB.framework in Frameworks */,
				BEA1C4A220247C50004FD267 /* JSONModel.framework in Frameworks */,
				BEA1C4A320247C50004FD267 /* MBProgressHUD.framework in Frameworks */,
				BEE93BA0202806FA00B0C85B /* Masonry.framework in Frameworks */,
				BEA1C4AD20247C96004FD267 /* IQKeyboardManager.framework in Frameworks */,
				BEA1C4B120247C96004FD267 /* SDWebImage.framework in Frameworks */,
				BEA1C4A120247C50004FD267 /* JHKit.framework in Frameworks */,
			);
			runOnlyForDeploymentPostprocessing = 0;
		};
		BEA1C2C52024610B004FD267 /* Frameworks */ = {
			isa = PBXFrameworksBuildPhase;
			buildActionMask = 2147483647;
			files = (
			);
			runOnlyForDeploymentPostprocessing = 0;
		};
		BEA1C2D02024610B004FD267 /* Frameworks */ = {
			isa = PBXFrameworksBuildPhase;
			buildActionMask = 2147483647;
			files = (
			);
			runOnlyForDeploymentPostprocessing = 0;
		};
/* End PBXFrameworksBuildPhase section */

/* Begin PBXGroup section */
		BEA1C2A72024610B004FD267 = {
			isa = PBXGroup;
			children = (
				BEA1C2E5202461BB004FD267 /* Submodules */,
				BEA1C2B22024610B004FD267 /* AirdiaWallet */,
				BEA1C2CB2024610B004FD267 /* AirdiaWalletTests */,
				BEA1C2D62024610B004FD267 /* AirdiaWalletUITests */,
				BEA1C2B12024610B004FD267 /* Products */,
				BEA1C40E202466C4004FD267 /* Frameworks */,
			);
			sourceTree = "<group>";
		};
		BEA1C2B12024610B004FD267 /* Products */ = {
			isa = PBXGroup;
			children = (
				BEA1C2B02024610B004FD267 /* AirdiaWallet.app */,
				BEA1C2C82024610B004FD267 /* AirdiaWalletTests.xctest */,
				BEA1C2D32024610B004FD267 /* AirdiaWalletUITests.xctest */,
			);
			name = Products;
			sourceTree = "<group>";
		};
		BEA1C2B22024610B004FD267 /* AirdiaWallet */ = {
			isa = PBXGroup;
			children = (
				BEA1C4CC20248801004FD267 /* ZAAOpenMain */,
				BEA1C4C62024878E004FD267 /* ZAACreateWallet */,
				BEA1C4C82024878E004FD267 /* ZAAImportWallet */,
				BEA1C4CB2024878F004FD267 /* ZAALogin */,
				BEA1C4C92024878F004FD267 /* ZAALoginTypeSetting */,
				BEA1C4CA2024878F004FD267 /* ZAAPrivateKeySave */,
				BEA1C4062024657F004FD267 /* ZAAKit */,
				BEA1C2B32024610B004FD267 /* AppDelegate.h */,
				BEA1C2B42024610B004FD267 /* AppDelegate.m */,
				BEA1C3FC202464C7004FD267 /* AppDelegate+UI.h */,
				BEA1C3FD202464C7004FD267 /* AppDelegate+UI.m */,
				BEE93C002029656B00B0C85B /* ZZAApplication.h */,
				BEE93C012029656B00B0C85B /* ZZAApplication.m */,
				BEA1C2B92024610B004FD267 /* Main.storyboard */,
				BEA1C2BC2024610B004FD267 /* Assets.xcassets */,
				BEA1C2BE2024610B004FD267 /* LaunchScreen.storyboard */,
				BEA1C2C12024610B004FD267 /* Info.plist */,
				BEA1C2C22024610B004FD267 /* main.m */,
				BEA1C3F9202464AE004FD267 /* ZAAMainViewController.h */,
				BEA1C3FA202464AE004FD267 /* ZAAMainViewController.m */,
				BEA1C40D20246684004FD267 /* AirdiaWallet-Prefix.pch */,
			);
			path = AirdiaWallet;
			sourceTree = "<group>";
		};
		BEA1C2CB2024610B004FD267 /* AirdiaWalletTests */ = {
			isa = PBXGroup;
			children = (
				BEA1C2CC2024610B004FD267 /* AirdiaWalletTests.m */,
				BEA1C2CE2024610B004FD267 /* Info.plist */,
			);
			path = AirdiaWalletTests;
			sourceTree = "<group>";
		};
		BEA1C2D62024610B004FD267 /* AirdiaWalletUITests */ = {
			isa = PBXGroup;
			children = (
				BEA1C2D72024610B004FD267 /* AirdiaWalletUITests.m */,
				BEA1C2D92024610B004FD267 /* Info.plist */,
			);
			path = AirdiaWalletUITests;
			sourceTree = "<group>";
		};
		BEA1C2E5202461BB004FD267 /* Submodules */ = {
			isa = PBXGroup;
			children = (
				BEA1C3EA20246468004FD267 /* JHKit.xcodeproj */,
			);
			path = Submodules;
			sourceTree = "<group>";
		};
		BEA1C3EB20246468004FD267 /* Products */ = {
			isa = PBXGroup;
			children = (
				BEA1C3F620246468004FD267 /* JHKit.framework */,
				BEA1C3F820246468004FD267 /* JHKitTests.xctest */,
			);
			name = Products;
			sourceTree = "<group>";
		};
		BEA1C4062024657F004FD267 /* ZAAKit */ = {
			isa = PBXGroup;
			children = (
				BEA1C4072024657F004FD267 /* Base */,
				BEA1C4082024657F004FD267 /* Category */,
				BEA1C4092024657F004FD267 /* Common */,
			);
			path = ZAAKit;
			sourceTree = "<group>";
		};
		BEA1C4072024657F004FD267 /* Base */ = {
			isa = PBXGroup;
			children = (
				BEE93BEA20283AC300B0C85B /* ZAAView.h */,
				BEE93BEB20283AC300B0C85B /* ZAAView.m */,
				BEA1C40A202465B5004FD267 /* ZAANavigationController.h */,
				BEA1C40B202465B5004FD267 /* ZAANavigationController.m */,
				BEA1C4CD20248831004FD267 /* ZAABaseViewController.h */,
				BEA1C4CE20248831004FD267 /* ZAABaseViewController.m */,
			);
			path = Base;
			sourceTree = "<group>";
		};
		BEA1C4082024657F004FD267 /* Category */ = {
			isa = PBXGroup;
			children = (
			);
			path = Category;
			sourceTree = "<group>";
		};
		BEA1C4092024657F004FD267 /* Common */ = {
			isa = PBXGroup;
			children = (
			);
			path = Common;
			sourceTree = "<group>";
		};
		BEA1C40E202466C4004FD267 /* Frameworks */ = {
			isa = PBXGroup;
			children = (
				BEE93B9F202806DE00B0C85B /* Masonry.framework */,
				BEA1C41820246819004FD267 /* AFNetworking.framework */,
				BEA1C41920246819004FD267 /* FMDB.framework */,
				BEA1C41A20246819004FD267 /* IQKeyboardManager.framework */,
				BEA1C41B20246819004FD267 /* JSONModel.framework */,
				BEA1C41C20246819004FD267 /* MBProgressHUD.framework */,
				BEA1C41D20246819004FD267 /* SDWebImage.framework */,
			);
			name = Frameworks;
			sourceTree = "<group>";
		};
		BEA1C4C62024878E004FD267 /* ZAACreateWallet */ = {
			isa = PBXGroup;
			children = (
				BEE93BCA202812F600B0C85B /* ZAACreateWalletViewController.h */,
				BEE93BCB202812F600B0C85B /* ZAACreateWalletViewController.m */,
			);
			path = ZAACreateWallet;
			sourceTree = "<group>";
		};
		BEA1C4C82024878E004FD267 /* ZAAImportWallet */ = {
			isa = PBXGroup;
			children = (
				BEE93BD72028136000B0C85B /* ZAAImportWalletViewController.h */,
				BEE93BD82028136000B0C85B /* ZAAImportWalletViewController.m */,
			);
			path = ZAAImportWallet;
			sourceTree = "<group>";
		};
		BEA1C4C92024878F004FD267 /* ZAALoginTypeSetting */ = {
			isa = PBXGroup;
			children = (
				BEE93BF42029640300B0C85B /* ZAALoginTypeSettingViewController.h */,
				BEE93BF52029640300B0C85B /* ZAALoginTypeSettingViewController.m */,
			);
			path = ZAALoginTypeSetting;
			sourceTree = "<group>";
		};
		BEA1C4CA2024878F004FD267 /* ZAAPrivateKeySave */ = {
			isa = PBXGroup;
			children = (
				BEE93C0C20298DB000B0C85B /* ZAAPrivateKeySaveViewController.h */,
				BEE93C0D20298DB000B0C85B /* ZAAPrivateKeySaveViewController.m */,
			);
			path = ZAAPrivateKeySave;
			sourceTree = "<group>";
		};
		BEA1C4CB2024878F004FD267 /* ZAALogin */ = {
			isa = PBXGroup;
			children = (
				BEE93BE420283A3300B0C85B /* Views */,
				BEE93BCD2028130E00B0C85B /* ZAALoginViewController.h */,
				BEE93BCE2028130E00B0C85B /* ZAALoginViewController.m */,
			);
			path = ZAALogin;
			sourceTree = "<group>";
		};
		BEA1C4CC20248801004FD267 /* ZAAOpenMain */ = {
			isa = PBXGroup;
			children = (
				BEA1C4D02024884B004FD267 /* ZAAOpenMainViewController.h */,
				BEA1C4D12024884B004FD267 /* ZAAOpenMainViewController.m */,
			);
			path = ZAAOpenMain;
			sourceTree = "<group>";
		};
		BEE93BE420283A3300B0C85B /* Views */ = {
			isa = PBXGroup;
			children = (
				BEE93BEF20283B0E00B0C85B /* ZAAPasswordInputView.h */,
				BEE93BF020283B0E00B0C85B /* ZAAPasswordInputView.m */,
			);
			path = Views;
			sourceTree = "<group>";
		};
/* End PBXGroup section */

/* Begin PBXNativeTarget section */
		BEA1C2AF2024610B004FD267 /* AirdiaWallet */ = {
			isa = PBXNativeTarget;
			buildConfigurationList = BEA1C2DC2024610B004FD267 /* Build configuration list for PBXNativeTarget "AirdiaWallet" */;
			buildPhases = (
				BEA1C2AC2024610B004FD267 /* Sources */,
				BEA1C2AD2024610B004FD267 /* Frameworks */,
				BEA1C2AE2024610B004FD267 /* Resources */,
				BEA1C4B720247C96004FD267 /* Embed Frameworks */,
			);
			buildRules = (
			);
			dependencies = (
				BEA1C4A620247C5B004FD267 /* PBXTargetDependency */,
				BEA1C4B620247C96004FD267 /* PBXTargetDependency */,
			);
			name = AirdiaWallet;
			productName = AirdiaWallet;
			productReference = BEA1C2B02024610B004FD267 /* AirdiaWallet.app */;
			productType = "com.apple.product-type.application";
		};
		BEA1C2C72024610B004FD267 /* AirdiaWalletTests */ = {
			isa = PBXNativeTarget;
			buildConfigurationList = BEA1C2DF2024610B004FD267 /* Build configuration list for PBXNativeTarget "AirdiaWalletTests" */;
			buildPhases = (
				BEA1C2C42024610B004FD267 /* Sources */,
				BEA1C2C52024610B004FD267 /* Frameworks */,
				BEA1C2C62024610B004FD267 /* Resources */,
			);
			buildRules = (
			);
			dependencies = (
				BEA1C2CA2024610B004FD267 /* PBXTargetDependency */,
			);
			name = AirdiaWalletTests;
			productName = AirdiaWalletTests;
			productReference = BEA1C2C82024610B004FD267 /* AirdiaWalletTests.xctest */;
			productType = "com.apple.product-type.bundle.unit-test";
		};
		BEA1C2D22024610B004FD267 /* AirdiaWalletUITests */ = {
			isa = PBXNativeTarget;
			buildConfigurationList = BEA1C2E22024610B004FD267 /* Build configuration list for PBXNativeTarget "AirdiaWalletUITests" */;
			buildPhases = (
				BEA1C2CF2024610B004FD267 /* Sources */,
				BEA1C2D02024610B004FD267 /* Frameworks */,
				BEA1C2D12024610B004FD267 /* Resources */,
			);
			buildRules = (
			);
			dependencies = (
				BEA1C2D52024610B004FD267 /* PBXTargetDependency */,
			);
			name = AirdiaWalletUITests;
			productName = AirdiaWalletUITests;
			productReference = BEA1C2D32024610B004FD267 /* AirdiaWalletUITests.xctest */;
			productType = "com.apple.product-type.bundle.ui-testing";
		};
/* End PBXNativeTarget section */

/* Begin PBXProject section */
		BEA1C2A82024610B004FD267 /* Project object */ = {
			isa = PBXProject;
			attributes = {
				LastUpgradeCheck = 0920;
				ORGANIZATIONNAME = muma;
				TargetAttributes = {
					BEA1C2AF2024610B004FD267 = {
						CreatedOnToolsVersion = 9.2;
						ProvisioningStyle = Automatic;
					};
					BEA1C2C72024610B004FD267 = {
						CreatedOnToolsVersion = 9.2;
						ProvisioningStyle = Automatic;
						TestTargetID = BEA1C2AF2024610B004FD267;
					};
					BEA1C2D22024610B004FD267 = {
						CreatedOnToolsVersion = 9.2;
						ProvisioningStyle = Automatic;
						TestTargetID = BEA1C2AF2024610B004FD267;
					};
				};
			};
			buildConfigurationList = BEA1C2AB2024610B004FD267 /* Build configuration list for PBXProject "AirdiaWallet" */;
			compatibilityVersion = "Xcode 8.0";
			developmentRegion = en;
			hasScannedForEncodings = 0;
			knownRegions = (
				en,
				Base,
			);
			mainGroup = BEA1C2A72024610B004FD267;
			productRefGroup = BEA1C2B12024610B004FD267 /* Products */;
			projectDirPath = "";
			projectReferences = (
				{
					ProductGroup = BEA1C3EB20246468004FD267 /* Products */;
					ProjectRef = BEA1C3EA20246468004FD267 /* JHKit.xcodeproj */;
				},
			);
			projectRoot = "";
			targets = (
				BEA1C2AF2024610B004FD267 /* AirdiaWallet */,
				BEA1C2C72024610B004FD267 /* AirdiaWalletTests */,
				BEA1C2D22024610B004FD267 /* AirdiaWalletUITests */,
			);
		};
/* End PBXProject section */

/* Begin PBXReferenceProxy section */
		BEA1C3F620246468004FD267 /* JHKit.framework */ = {
			isa = PBXReferenceProxy;
			fileType = wrapper.framework;
			path = JHKit.framework;
			remoteRef = BEA1C3F520246468004FD267 /* PBXContainerItemProxy */;
			sourceTree = BUILT_PRODUCTS_DIR;
		};
		BEA1C3F820246468004FD267 /* JHKitTests.xctest */ = {
			isa = PBXReferenceProxy;
			fileType = wrapper.cfbundle;
			path = JHKitTests.xctest;
			remoteRef = BEA1C3F720246468004FD267 /* PBXContainerItemProxy */;
			sourceTree = BUILT_PRODUCTS_DIR;
		};
/* End PBXReferenceProxy section */

/* Begin PBXResourcesBuildPhase section */
		BEA1C2AE2024610B004FD267 /* Resources */ = {
			isa = PBXResourcesBuildPhase;
			buildActionMask = 2147483647;
			files = (
				BEA1C2C02024610B004FD267 /* LaunchScreen.storyboard in Resources */,
				BEA1C2BD2024610B004FD267 /* Assets.xcassets in Resources */,
				BEA1C2BB2024610B004FD267 /* Main.storyboard in Resources */,
			);
			runOnlyForDeploymentPostprocessing = 0;
		};
		BEA1C2C62024610B004FD267 /* Resources */ = {
			isa = PBXResourcesBuildPhase;
			buildActionMask = 2147483647;
			files = (
			);
			runOnlyForDeploymentPostprocessing = 0;
		};
		BEA1C2D12024610B004FD267 /* Resources */ = {
			isa = PBXResourcesBuildPhase;
			buildActionMask = 2147483647;
			files = (
			);
			runOnlyForDeploymentPostprocessing = 0;
		};
/* End PBXResourcesBuildPhase section */

/* Begin PBXSourcesBuildPhase section */
		BEA1C2AC2024610B004FD267 /* Sources */ = {
			isa = PBXSourcesBuildPhase;
			buildActionMask = 2147483647;
			files = (
				BEE93BEC20283AC300B0C85B /* ZAAView.m in Sources */,
				BEE93BCF2028130E00B0C85B /* ZAALoginViewController.m in Sources */,
				BEE93BD92028136000B0C85B /* ZAAImportWalletViewController.m in Sources */,
				BEA1C40C202465B5004FD267 /* ZAANavigationController.m in Sources */,
				BEA1C3FE202464C7004FD267 /* AppDelegate+UI.m in Sources */,
				BEA1C2C32024610B004FD267 /* main.m in Sources */,
				BEE93C0E20298DB000B0C85B /* ZAAPrivateKeySaveViewController.m in Sources */,
				BEE93BCC202812F600B0C85B /* ZAACreateWalletViewController.m in Sources */,
				BEE93BF62029640300B0C85B /* ZAALoginTypeSettingViewController.m in Sources */,
				BEE93BF120283B0E00B0C85B /* ZAAPasswordInputView.m in Sources */,
				BEA1C3FB202464AE004FD267 /* ZAAMainViewController.m in Sources */,
				BEE93C022029656B00B0C85B /* ZZAApplication.m in Sources */,
				BEA1C4CF20248831004FD267 /* ZAABaseViewController.m in Sources */,
				BEA1C4D22024884B004FD267 /* ZAAOpenMainViewController.m in Sources */,
				BEA1C2B52024610B004FD267 /* AppDelegate.m in Sources */,
			);
			runOnlyForDeploymentPostprocessing = 0;
		};
		BEA1C2C42024610B004FD267 /* Sources */ = {
			isa = PBXSourcesBuildPhase;
			buildActionMask = 2147483647;
			files = (
				BEE93BDF202839D200B0C85B /* ZAAOpenMainViewController.m in Sources */,
				BEE93BE3202839DA00B0C85B /* ZAABaseViewController.m in Sources */,
				BEE93BDA2028136000B0C85B /* ZAAImportWalletViewController.m in Sources */,
				BEE93BED20283AC300B0C85B /* ZAAView.m in Sources */,
				BEE93BF220283B0E00B0C85B /* ZAAPasswordInputView.m in Sources */,
				BEA1C2CD2024610B004FD267 /* AirdiaWalletTests.m in Sources */,
				BEE93C0F20298DB000B0C85B /* ZAAPrivateKeySaveViewController.m in Sources */,
				BEE93BDC202839CC00B0C85B /* ZAACreateWalletViewController.m in Sources */,
				BEE93BE0202839D600B0C85B /* ZAANavigationController.m in Sources */,
				BEE93BD02028130E00B0C85B /* ZAALoginViewController.m in Sources */,
			);
			runOnlyForDeploymentPostprocessing = 0;
		};
		BEA1C2CF2024610B004FD267 /* Sources */ = {
			isa = PBXSourcesBuildPhase;
			buildActionMask = 2147483647;
			files = (
				BEE93BDE202839D200B0C85B /* ZAAOpenMainViewController.m in Sources */,
				BEE93BE2202839DA00B0C85B /* ZAABaseViewController.m in Sources */,
				BEE93BDB2028136000B0C85B /* ZAAImportWalletViewController.m in Sources */,
				BEE93BEE20283AC300B0C85B /* ZAAView.m in Sources */,
				BEE93BF320283B0E00B0C85B /* ZAAPasswordInputView.m in Sources */,
				BEA1C2D82024610B004FD267 /* AirdiaWalletUITests.m in Sources */,
				BEE93C1020298DB000B0C85B /* ZAAPrivateKeySaveViewController.m in Sources */,
				BEE93BDD202839CD00B0C85B /* ZAACreateWalletViewController.m in Sources */,
				BEE93BE1202839D700B0C85B /* ZAANavigationController.m in Sources */,
				BEE93BD12028130E00B0C85B /* ZAALoginViewController.m in Sources */,
			);
			runOnlyForDeploymentPostprocessing = 0;
		};
/* End PBXSourcesBuildPhase section */

/* Begin PBXTargetDependency section */
		BEA1C2CA2024610B004FD267 /* PBXTargetDependency */ = {
			isa = PBXTargetDependency;
			target = BEA1C2AF2024610B004FD267 /* AirdiaWallet */;
			targetProxy = BEA1C2C92024610B004FD267 /* PBXContainerItemProxy */;
		};
		BEA1C2D52024610B004FD267 /* PBXTargetDependency */ = {
			isa = PBXTargetDependency;
			target = BEA1C2AF2024610B004FD267 /* AirdiaWallet */;
			targetProxy = BEA1C2D42024610B004FD267 /* PBXContainerItemProxy */;
		};
		BEA1C4A620247C5B004FD267 /* PBXTargetDependency */ = {
			isa = PBXTargetDependency;
			name = JHKit;
			targetProxy = BEA1C4A520247C5B004FD267 /* PBXContainerItemProxy */;
		};
		BEA1C4B620247C96004FD267 /* PBXTargetDependency */ = {
			isa = PBXTargetDependency;
			name = JHKit;
			targetProxy = BEA1C4B520247C96004FD267 /* PBXContainerItemProxy */;
		};
/* End PBXTargetDependency section */

/* Begin PBXVariantGroup section */
		BEA1C2B92024610B004FD267 /* Main.storyboard */ = {
			isa = PBXVariantGroup;
			children = (
				BEA1C2BA2024610B004FD267 /* Base */,
			);
			name = Main.storyboard;
			sourceTree = "<group>";
		};
		BEA1C2BE2024610B004FD267 /* LaunchScreen.storyboard */ = {
			isa = PBXVariantGroup;
			children = (
				BEA1C2BF2024610B004FD267 /* Base */,
			);
			name = LaunchScreen.storyboard;
			sourceTree = "<group>";
		};
/* End PBXVariantGroup section */

/* Begin XCBuildConfiguration section */
		BEA1C2DA2024610B004FD267 /* Debug */ = {
			isa = XCBuildConfiguration;
			buildSettings = {
				ALWAYS_SEARCH_USER_PATHS = NO;
				CLANG_ANALYZER_NONNULL = YES;
				CLANG_ANALYZER_NUMBER_OBJECT_CONVERSION = YES_AGGRESSIVE;
				CLANG_CXX_LANGUAGE_STANDARD = "gnu++14";
				CLANG_CXX_LIBRARY = "libc++";
				CLANG_ENABLE_MODULES = YES;
				CLANG_ENABLE_OBJC_ARC = YES;
				CLANG_WARN_BLOCK_CAPTURE_AUTORELEASING = YES;
				CLANG_WARN_BOOL_CONVERSION = YES;
				CLANG_WARN_COMMA = YES;
				CLANG_WARN_CONSTANT_CONVERSION = YES;
				CLANG_WARN_DIRECT_OBJC_ISA_USAGE = YES_ERROR;
				CLANG_WARN_DOCUMENTATION_COMMENTS = YES;
				CLANG_WARN_EMPTY_BODY = YES;
				CLANG_WARN_ENUM_CONVERSION = YES;
				CLANG_WARN_INFINITE_RECURSION = YES;
				CLANG_WARN_INT_CONVERSION = YES;
				CLANG_WARN_NON_LITERAL_NULL_CONVERSION = YES;
				CLANG_WARN_OBJC_LITERAL_CONVERSION = YES;
				CLANG_WARN_OBJC_ROOT_CLASS = YES_ERROR;
				CLANG_WARN_RANGE_LOOP_ANALYSIS = YES;
				CLANG_WARN_STRICT_PROTOTYPES = YES;
				CLANG_WARN_SUSPICIOUS_MOVE = YES;
				CLANG_WARN_UNGUARDED_AVAILABILITY = YES_AGGRESSIVE;
				CLANG_WARN_UNREACHABLE_CODE = YES;
				CLANG_WARN__DUPLICATE_METHOD_MATCH = YES;
				CODE_SIGN_IDENTITY = "iPhone Developer";
				COPY_PHASE_STRIP = NO;
				DEBUG_INFORMATION_FORMAT = dwarf;
				ENABLE_STRICT_OBJC_MSGSEND = YES;
				ENABLE_TESTABILITY = YES;
				GCC_C_LANGUAGE_STANDARD = gnu11;
				GCC_DYNAMIC_NO_PIC = NO;
				GCC_NO_COMMON_BLOCKS = YES;
				GCC_OPTIMIZATION_LEVEL = 0;
				GCC_PREPROCESSOR_DEFINITIONS = (
					"DEBUG=1",
					"$(inherited)",
				);
				GCC_WARN_64_TO_32_BIT_CONVERSION = YES;
				GCC_WARN_ABOUT_RETURN_TYPE = YES_ERROR;
				GCC_WARN_UNDECLARED_SELECTOR = YES;
				GCC_WARN_UNINITIALIZED_AUTOS = YES_AGGRESSIVE;
				GCC_WARN_UNUSED_FUNCTION = YES;
				GCC_WARN_UNUSED_VARIABLE = YES;
				IPHONEOS_DEPLOYMENT_TARGET = 11.2;
				MTL_ENABLE_DEBUG_INFO = YES;
				ONLY_ACTIVE_ARCH = YES;
				SDKROOT = iphoneos;
			};
			name = Debug;
		};
		BEA1C2DB2024610B004FD267 /* Release */ = {
			isa = XCBuildConfiguration;
			buildSettings = {
				ALWAYS_SEARCH_USER_PATHS = NO;
				CLANG_ANALYZER_NONNULL = YES;
				CLANG_ANALYZER_NUMBER_OBJECT_CONVERSION = YES_AGGRESSIVE;
				CLANG_CXX_LANGUAGE_STANDARD = "gnu++14";
				CLANG_CXX_LIBRARY = "libc++";
				CLANG_ENABLE_MODULES = YES;
				CLANG_ENABLE_OBJC_ARC = YES;
				CLANG_WARN_BLOCK_CAPTURE_AUTORELEASING = YES;
				CLANG_WARN_BOOL_CONVERSION = YES;
				CLANG_WARN_COMMA = YES;
				CLANG_WARN_CONSTANT_CONVERSION = YES;
				CLANG_WARN_DIRECT_OBJC_ISA_USAGE = YES_ERROR;
				CLANG_WARN_DOCUMENTATION_COMMENTS = YES;
				CLANG_WARN_EMPTY_BODY = YES;
				CLANG_WARN_ENUM_CONVERSION = YES;
				CLANG_WARN_INFINITE_RECURSION = YES;
				CLANG_WARN_INT_CONVERSION = YES;
				CLANG_WARN_NON_LITERAL_NULL_CONVERSION = YES;
				CLANG_WARN_OBJC_LITERAL_CONVERSION = YES;
				CLANG_WARN_OBJC_ROOT_CLASS = YES_ERROR;
				CLANG_WARN_RANGE_LOOP_ANALYSIS = YES;
				CLANG_WARN_STRICT_PROTOTYPES = YES;
				CLANG_WARN_SUSPICIOUS_MOVE = YES;
				CLANG_WARN_UNGUARDED_AVAILABILITY = YES_AGGRESSIVE;
				CLANG_WARN_UNREACHABLE_CODE = YES;
				CLANG_WARN__DUPLICATE_METHOD_MATCH = YES;
				CODE_SIGN_IDENTITY = "iPhone Developer";
				COPY_PHASE_STRIP = NO;
				DEBUG_INFORMATION_FORMAT = "dwarf-with-dsym";
				ENABLE_NS_ASSERTIONS = NO;
				ENABLE_STRICT_OBJC_MSGSEND = YES;
				GCC_C_LANGUAGE_STANDARD = gnu11;
				GCC_NO_COMMON_BLOCKS = YES;
				GCC_WARN_64_TO_32_BIT_CONVERSION = YES;
				GCC_WARN_ABOUT_RETURN_TYPE = YES_ERROR;
				GCC_WARN_UNDECLARED_SELECTOR = YES;
				GCC_WARN_UNINITIALIZED_AUTOS = YES_AGGRESSIVE;
				GCC_WARN_UNUSED_FUNCTION = YES;
				GCC_WARN_UNUSED_VARIABLE = YES;
				IPHONEOS_DEPLOYMENT_TARGET = 11.2;
				MTL_ENABLE_DEBUG_INFO = NO;
				SDKROOT = iphoneos;
				VALIDATE_PRODUCT = YES;
			};
			name = Release;
		};
		BEA1C2DD2024610B004FD267 /* Debug */ = {
			isa = XCBuildConfiguration;
			buildSettings = {
				ASSETCATALOG_COMPILER_APPICON_NAME = AppIcon;
				CODE_SIGN_STYLE = Automatic;
				DEVELOPMENT_TEAM = 646D5H398Z;
				FRAMEWORK_SEARCH_PATHS = "$(PROJECT_DIR)/Submodules/JHKit/**";
				GCC_PRECOMPILE_PREFIX_HEADER = YES;
				GCC_PREFIX_HEADER = "AirdiaWallet/AirdiaWallet-Prefix.pch";
				INFOPLIST_FILE = AirdiaWallet/Info.plist;
				LD_RUNPATH_SEARCH_PATHS = "$(inherited) @executable_path/Frameworks";
				PRODUCT_BUNDLE_IDENTIFIER = ss.AirdiaWallet;
				PRODUCT_NAME = "$(TARGET_NAME)";
				TARGETED_DEVICE_FAMILY = "1,2";
				USER_HEADER_SEARCH_PATHS = "$(PROJECT_DIR)/Submodules/JHKit/**";
			};
			name = Debug;
		};
		BEA1C2DE2024610B004FD267 /* Release */ = {
			isa = XCBuildConfiguration;
			buildSettings = {
				ASSETCATALOG_COMPILER_APPICON_NAME = AppIcon;
				CODE_SIGN_STYLE = Automatic;
				DEVELOPMENT_TEAM = 646D5H398Z;
				FRAMEWORK_SEARCH_PATHS = "$(PROJECT_DIR)/Submodules/JHKit/**";
				GCC_PRECOMPILE_PREFIX_HEADER = YES;
				GCC_PREFIX_HEADER = "AirdiaWallet/AirdiaWallet-Prefix.pch";
				INFOPLIST_FILE = AirdiaWallet/Info.plist;
				LD_RUNPATH_SEARCH_PATHS = "$(inherited) @executable_path/Frameworks";
				PRODUCT_BUNDLE_IDENTIFIER = ss.AirdiaWallet;
				PRODUCT_NAME = "$(TARGET_NAME)";
				TARGETED_DEVICE_FAMILY = "1,2";
				USER_HEADER_SEARCH_PATHS = "$(PROJECT_DIR)/Submodules/JHKit/**";
			};
			name = Release;
		};
		BEA1C2E02024610B004FD267 /* Debug */ = {
			isa = XCBuildConfiguration;
			buildSettings = {
				BUNDLE_LOADER = "$(TEST_HOST)";
				CODE_SIGN_STYLE = Automatic;
				INFOPLIST_FILE = AirdiaWalletTests/Info.plist;
				LD_RUNPATH_SEARCH_PATHS = "$(inherited) @executable_path/Frameworks @loader_path/Frameworks";
				PRODUCT_BUNDLE_IDENTIFIER = ss.AirdiaWalletTests;
				PRODUCT_NAME = "$(TARGET_NAME)";
				TARGETED_DEVICE_FAMILY = "1,2";
				TEST_HOST = "$(BUILT_PRODUCTS_DIR)/AirdiaWallet.app/AirdiaWallet";
			};
			name = Debug;
		};
		BEA1C2E12024610B004FD267 /* Release */ = {
			isa = XCBuildConfiguration;
			buildSettings = {
				BUNDLE_LOADER = "$(TEST_HOST)";
				CODE_SIGN_STYLE = Automatic;
				INFOPLIST_FILE = AirdiaWalletTests/Info.plist;
				LD_RUNPATH_SEARCH_PATHS = "$(inherited) @executable_path/Frameworks @loader_path/Frameworks";
				PRODUCT_BUNDLE_IDENTIFIER = ss.AirdiaWalletTests;
				PRODUCT_NAME = "$(TARGET_NAME)";
				TARGETED_DEVICE_FAMILY = "1,2";
				TEST_HOST = "$(BUILT_PRODUCTS_DIR)/AirdiaWallet.app/AirdiaWallet";
			};
			name = Release;
		};
		BEA1C2E32024610B004FD267 /* Debug */ = {
			isa = XCBuildConfiguration;
			buildSettings = {
				CODE_SIGN_STYLE = Automatic;
				INFOPLIST_FILE = AirdiaWalletUITests/Info.plist;
				LD_RUNPATH_SEARCH_PATHS = "$(inherited) @executable_path/Frameworks @loader_path/Frameworks";
				PRODUCT_BUNDLE_IDENTIFIER = ss.AirdiaWalletUITests;
				PRODUCT_NAME = "$(TARGET_NAME)";
				TARGETED_DEVICE_FAMILY = "1,2";
				TEST_TARGET_NAME = AirdiaWallet;
			};
			name = Debug;
		};
		BEA1C2E42024610B004FD267 /* Release */ = {
			isa = XCBuildConfiguration;
			buildSettings = {
				CODE_SIGN_STYLE = Automatic;
				INFOPLIST_FILE = AirdiaWalletUITests/Info.plist;
				LD_RUNPATH_SEARCH_PATHS = "$(inherited) @executable_path/Frameworks @loader_path/Frameworks";
				PRODUCT_BUNDLE_IDENTIFIER = ss.AirdiaWalletUITests;
				PRODUCT_NAME = "$(TARGET_NAME)";
				TARGETED_DEVICE_FAMILY = "1,2";
				TEST_TARGET_NAME = AirdiaWallet;
			};
			name = Release;
		};
/* End XCBuildConfiguration section */

/* Begin XCConfigurationList section */
		BEA1C2AB2024610B004FD267 /* Build configuration list for PBXProject "AirdiaWallet" */ = {
			isa = XCConfigurationList;
			buildConfigurations = (
				BEA1C2DA2024610B004FD267 /* Debug */,
				BEA1C2DB2024610B004FD267 /* Release */,
			);
			defaultConfigurationIsVisible = 0;
			defaultConfigurationName = Release;
		};
		BEA1C2DC2024610B004FD267 /* Build configuration list for PBXNativeTarget "AirdiaWallet" */ = {
			isa = XCConfigurationList;
			buildConfigurations = (
				BEA1C2DD2024610B004FD267 /* Debug */,
				BEA1C2DE2024610B004FD267 /* Release */,
			);
			defaultConfigurationIsVisible = 0;
			defaultConfigurationName = Release;
		};
		BEA1C2DF2024610B004FD267 /* Build configuration list for PBXNativeTarget "AirdiaWalletTests" */ = {
			isa = XCConfigurationList;
			buildConfigurations = (
				BEA1C2E02024610B004FD267 /* Debug */,
				BEA1C2E12024610B004FD267 /* Release */,
			);
			defaultConfigurationIsVisible = 0;
			defaultConfigurationName = Release;
		};
		BEA1C2E22024610B004FD267 /* Build configuration list for PBXNativeTarget "AirdiaWalletUITests" */ = {
			isa = XCConfigurationList;
			buildConfigurations = (
				BEA1C2E32024610B004FD267 /* Debug */,
				BEA1C2E42024610B004FD267 /* Release */,
			);
			defaultConfigurationIsVisible = 0;
			defaultConfigurationName = Release;
		};
/* End XCConfigurationList section */
	};
	rootObject = BEA1C2A82024610B004FD267 /* Project object */;
}
